github.com/golang/protobuf v1.5.4 h1:i7eJL8qZTpSEXOPTxNKhASYpMn+8e5Q6AdndVa1dWek=
github.com/golang/protobuf v1.5.4/go.mod h1:lnTiLA8Wa4RWRcIUkrtSVa5nRhsEGBg48fD6rSs7xps=
github.com/google/go-cmp v0.7.0 h1:wk8382ETsv4JYUZwIsn6YpYiWiBsYLSJiTsyBybVuN8=
github.com/google/go-cmp v0.7.0/go.mod h1:pXiqmnSA92OHEEa9HXL2W4E7lf9JzCmGVUdgjX3N/iU=
github.com/gorilla/websocket v1.5.3 h1:saDtZ6Pbx/0u+bgYQ3q96pZgCzfhKXGPqt7kZ72aNNg=
github.com/gorilla/websocket v1.5.3/go.mod h1:YR8l580nyteQvAITg2hZ9XVh4b55+EU/adAjf1fMHhE=
github.com/klauspost/compress v1.18.7 h1:aUyZsS4kH3QTKurYhAOwAHxllVPnOthb3vPfnF1Ehjw=
github.com/klauspost/compress v1.18.7/go.mod h1:cwPg85FWrGar70rWktvGQj8/hthj3wpl0PGDogxkrSQ=
github.com/pierrec/lz4/v4 v4.1.26 h1:GrpZw1gZttORinvzBdXPUXATeqlJjqUG/D87TKMnhjY=
github.com/pierrec/lz4/v4 v4.1.26/go.mod h1:EoQMVJgeeEOMsCqCzqFm2O0cJvljX2nGZjcRIPL34O4=
github.com/twmb/franz-go v1.21.6 h1:+v0dQJVIIuw9uPmPWmPrkoUHs1pPeV8MSwA4eU/Y2kY=
github.com/twmb/franz-go v1.21.6/go.mod h1:wMepkgCatAdV9vCsuwM+wr+C1fl7KV/41+uHGAjt/wc=
github.com/twmb/franz-go/pkg/kmsg v1.13.1 h1:fG5kItwysTk5UXqVwb64EpQEy3TydF3vYYK21nUQ+bI=
github.com/twmb/franz-go/pkg/kmsg v1.13.1/go.mod h1:+DPt4NC8RmI6hqb8G09+3giKObE6uD2Eya6CfqBpeJY=
golang.org/x/net v0.58.0 h1:ynWG7rqYi4ccpTEuPZ2QGWHktVEM9DMCj9yzDE0Q7To=
golang.org/x/net v0.58.0/go.mod h1:YwCddHnFlT7eLQqVprV19OnhLGtc5xOKgE0RyqgfWAU=
golang.org/x/sys v0.47.0 h1:o7XGOvZQCADBQQ4Y7VNq2dRWQR7JmOUW8Kxx4ZsNgWs=
golang.org/x/sys v0.47.0/go.mod h1:4GL1E5IUh+htKOUEOaiffhrAeqysfVGipDYzABqnCmw=
golang.org/x/text v0.41.0 h1:vz/seA0lnX87Othu2f/0L24RcgrXD9/YFTSuGjj3rH8=
golang.org/x/text v0.41.0/go.mod h1:jvf1O8ajNzZqhSrQBPbutR/EB83Cc0CFrezNQIwbb5M=
gonum.org/v1/gonum v0.17.0 h1:VbpOemQlsSMrYmn7T2OUvQ4dqxQXU+ouZFQsZOx50z4=
gonum.org/v1/gonum v0.17.0/go.mod h1:El3tOrEuMpv2UdMrbNlKEh9vd86bmQ6vqIcDwxEOc1E=
google.golang.org/genproto/googleapis/rpc v0.0.0-20260706201446-f0a921348800 h1:qEHAMpSaUhtD0p3NbEEI83HwNGFxEwaSJ1G9PLnCBZE=
google.golang.org/genproto/googleapis/rpc v0.0.0-20260706201446-f0a921348800/go.mod h1:4Hqkh8ycfw05ld/3BWL7rJOSfebL2Q+DVDeRgYgxUU8=
google.golang.org/grpc v1.84.0 h1:soMyaPJ8pAak5PIQ0DGBUir0XRo2fRoMqhNWMLlLxO0=
google.golang.org/grpc v1.84.0/go.mod h1:ljCht0DrxQrXBDRTZp52Qxh3Ffk8CdYm2sj4O2QN2C0=
google.golang.org/protobuf v1.36.12 h1:pJOKDDOyeXErUroCihFAd5LQuwXBSpVnKGrj5o/fwxc=
google.golang.org/protobuf v1.36.12/go.mod h1:HTf+CrKn2C3g5S8VImy6tdcUvCska2kB7j23XfzDpco=
